
Microsoft Visual Studio Solution File, Format Version 12.00
# Visual Studio 15
VisualStudioVersion = 15.0.28307.1259
MinimumVisualStudioVersion = 10.0.40219.1
Project("{8BC9CEB8-8B4A-11D0-8D11-00A0C91BC942}") = "2.23HW", "2.23HW\2.23HW.vcxproj", "{AA2CB7CB-5280-4D10-937C-689D80FEE593}"
EndProject
Global
	GlobalSection(SolutionConfigurationPlatforms) = preSolution
		Debug|x64 = Debug|x64
		Debug|x86 = Debug|x86
		Release|x64 = Release|x64
		Release|x86 = Release|x86
	EndGlobalSection
	GlobalSection(ProjectConfigurationPlatforms) = postSolution
		{AA2CB7CB-5280-4D10-937C-689D80FEE593}.Debug|x64.ActiveCfg = Debug|x64
		{AA2CB7CB-5280-4D10-937C-689D80FEE593}.Debug|x64.Build.0 = Debug|x64
		{AA2CB7CB-5280-4D10-937C-689D80FEE593}.Debug|x86.ActiveCfg = Debug|Win32
		{AA2CB7CB-5280-4D10-937C-689D80FEE593}.Debug|x86.Build.0 = Debug|Win32
		{AA2CB7CB-5280-4D10-937C-689D80FEE593}.Release|x64.ActiveCfg = Release|x64
		{AA2CB7CB-5280-4D10-937C-689D80FEE593}.Release|x64.Build.0 = Release|x64
		{AA2CB7CB-5280-4D10-937C-689D80FEE593}.Release|x86.ActiveCfg = Release|Win32
		{AA2CB7CB-5280-4D10-937C-689D80FEE593}.Release|x86.Build.0 = Release|Win32
	EndGlobalSection
	GlobalSection(SolutionProperties) = preSolution
		HideSolutionNode = FALSE
	EndGlobalSection
	GlobalSection(ExtensibilityGlobals) = postSolution
		SolutionGuid = {6DF945F0-96D7-411B-A2C5-3C7EDE3B9DE2}
	EndGlobalSection
EndGlobal
