
Microsoft Visual Studio Solution File, Format Version 12.00
# Visual Studio 15
VisualStudioVersion = 15.0.28307.1259
MinimumVisualStudioVersion = 10.0.40219.1
Project("{8BC9CEB8-8B4A-11D0-8D11-00A0C91BC942}") = "HW2.21", "HW2.21\HW2.21.vcxproj", "{0F1332A8-D2D1-4787-BDE3-317109BC6F84}"
EndProject
Global
	GlobalSection(SolutionConfigurationPlatforms) = preSolution
		Debug|x64 = Debug|x64
		Debug|x86 = Debug|x86
		Release|x64 = Release|x64
		Release|x86 = Release|x86
	EndGlobalSection
	GlobalSection(ProjectConfigurationPlatforms) = postSolution
		{0F1332A8-D2D1-4787-BDE3-317109BC6F84}.Debug|x64.ActiveCfg = Debug|x64
		{0F1332A8-D2D1-4787-BDE3-317109BC6F84}.Debug|x64.Build.0 = Debug|x64
		{0F1332A8-D2D1-4787-BDE3-317109BC6F84}.Debug|x86.ActiveCfg = Debug|Win32
		{0F1332A8-D2D1-4787-BDE3-317109BC6F84}.Debug|x86.Build.0 = Debug|Win32
		{0F1332A8-D2D1-4787-BDE3-317109BC6F84}.Release|x64.ActiveCfg = Release|x64
		{0F1332A8-D2D1-4787-BDE3-317109BC6F84}.Release|x64.Build.0 = Release|x64
		{0F1332A8-D2D1-4787-BDE3-317109BC6F84}.Release|x86.ActiveCfg = Release|Win32
		{0F1332A8-D2D1-4787-BDE3-317109BC6F84}.Release|x86.Build.0 = Release|Win32
	EndGlobalSection
	GlobalSection(SolutionProperties) = preSolution
		HideSolutionNode = FALSE
	EndGlobalSection
	GlobalSection(ExtensibilityGlobals) = postSolution
		SolutionGuid = {0C57934B-FE77-438C-A703-40DD4FF83673}
	EndGlobalSection
EndGlobal
